
Microsoft Visual Studio Solution File, Format Version 12.00
# Visual Studio Version 17
VisualStudioVersion = 17.11.35312.102
MinimumVisualStudioVersion = 10.0.40219.1
Project("{9A19103F-16F7-4668-BE54-9A1E7A4F7556}") = "HomeWork_Basic_10_L032", "HomeWork_Basic_10_L032.csproj", "{F64BF149-2959-4942-87BE-100574C6AC86}"
EndProject
Global
	GlobalSection(SolutionConfigurationPlatforms) = preSolution
		Debug|Any CPU = Debug|Any CPU
		Release|Any CPU = Release|Any CPU
	EndGlobalSection
	GlobalSection(ProjectConfigurationPlatforms) = postSolution
		{F64BF149-2959-4942-87BE-100574C6AC86}.Debug|Any CPU.ActiveCfg = Debug|Any CPU
		{F64BF149-2959-4942-87BE-100574C6AC86}.Debug|Any CPU.Build.0 = Debug|Any CPU
		{F64BF149-2959-4942-87BE-100574C6AC86}.Release|Any CPU.ActiveCfg = Release|Any CPU
		{F64BF149-2959-4942-87BE-100574C6AC86}.Release|Any CPU.Build.0 = Release|Any CPU
	EndGlobalSection
	GlobalSection(SolutionProperties) = preSolution
		HideSolutionNode = FALSE
	EndGlobalSection
	GlobalSection(ExtensibilityGlobals) = postSolution
		SolutionGuid = {A7658928-4F4A-445E-8251-D84A1C641A81}
	EndGlobalSection
EndGlobal
